{
    "_readme": [
        "This file locks the dependencies of your project to a known state",
        "Read more about it at https://getcomposer.org/doc/01-basic-usage.md#installing-dependencies",
        "This file is @generated automatically"
    ],
    "content-hash": "a2e72e9810705ee1031a5b363b87c44b",
    "packages": [
        {
            "name": "sycu/task-solver-core",
            "version": "v0.1.4",
            "source": {
                "type": "git",
                "url": "https://github.com/sycu/task-solver-core.git",
                "reference": "f2fd1e820c9ef0daa6887ff48e91834544658f1f"
            },
            "dist": {
                "type": "zip",
                "url": "https://api.github.com/repos/sycu/task-solver-core/zipball/f2fd1e820c9ef0daa6887ff48e91834544658f1f",
                "reference": "f2fd1e820c9ef0daa6887ff48e91834544658f1f",
                "shasum": ""
            },
            "require": {
                "php": ">=8.1"
            },
            "type": "library",
            "autoload": {
                "psr-4": {
                    "": "src/"
                }
            },
            "notification-url": "https://packagist.org/downloads/",
            "authors": [
                {
                    "name": "Patryk Syc",
                    "email": "patryk@edefine.pl"
                }
            ],
            "support": {
                "issues": "https://github.com/sycu/task-solver-core/issues",
                "source": "https://github.com/sycu/task-solver-core/tree/v0.1.4"
            },
            "time": "2022-12-20T19:32:58+00:00"
        }
    ],
    "packages-dev": [],
    "aliases": [],
    "minimum-stability": "stable",
    "stability-flags": [],
    "prefer-stable": false,
    "prefer-lowest": false,
    "platform": {
        "php": ">=8.1"
    },
    "platform-dev": [],
    "plugin-api-version": "2.3.0"
}
